PODS:
  - CardIO (5.3.2)
  - TesseractOCRiOS (4.0.0)

DEPENDENCIES:
  - CardIO
  - TesseractOCRiOS (= 4.0.0)

SPEC CHECKSUMS:
  CardIO: 92c45caef0d986c4a303a7afba0c9b76ff2b1f6e
  TesseractOCRiOS: 90638afbe43d082433f2e76b384c7901d23956df

PODFILE CHECKSUM: 191fad1e6a65c90436358028706406ddca299d52

COCOAPODS: 1.0.1
