// !$*UTF8*$!
{
	archiveVersion = 1;
	classes = {
	};
	objectVersion = 46;
	objects = {

/* Begin PBXBuildFile section */
		01C260B6C41EFFA19593DC69 /* Pods_CardTrayDemo.framework in Frameworks */ = {isa = PBXBuildFile; fileRef = 9786026A62B651C6328F4479 /* Pods_CardTrayDemo.framework */; };
		404056451D0FDEBA00C5F025 /* CardItemView.xib in Resources */ = {isa = PBXBuildFile; fileRef = 404056441D0FDEB900C5F025 /* CardItemView.xib */; };
		40D008101D0FE32B003360CC /* CardTrayAssets.xcassets in Resources */ = {isa = PBXBuildFile; fileRef = 40D0080F1D0FE32B003360CC /* CardTrayAssets.xcassets */; };
		40DDDDBD1D0FC72E002A2A98 /* CardTransactionListViewController.swift in Sources */ = {isa = PBXBuildFile; fileRef = 40DDDDBC1D0FC72E002A2A98 /* CardTransactionListViewController.swift */; };
		40DDDDBF1D0FCD51002A2A98 /* CardServicesViewController.swift in Sources */ = {isa = PBXBuildFile; fileRef = 40DDDDBE1D0FCD51002A2A98 /* CardServicesViewController.swift */; };
		C0442BCB1D127806002A6E58 /* CardExpirationPickerController.swift in Sources */ = {isa = PBXBuildFile; fileRef = C0442BCA1D127805002A6E58 /* CardExpirationPickerController.swift */; };
		C0442BCF1D127AD1002A6E58 /* CardVerifyViewController.swift in Sources */ = {isa = PBXBuildFile; fileRef = C0442BCE1D127AD1002A6E58 /* CardVerifyViewController.swift */; };
		C0473D9D1D0C5B7C00BB496F /* CardCaptureViewController.swift in Sources */ = {isa = PBXBuildFile; fileRef = C0473D9C1D0C5B7C00BB496F /* CardCaptureViewController.swift */; };
		C0473DA71D0C744200BB496F /* tessdata in Resources */ = {isa = PBXBuildFile; fileRef = C0473DA61D0C744200BB496F /* tessdata */; };
		C05827711D0BF87E0086BD35 /* CardListView.swift in Sources */ = {isa = PBXBuildFile; fileRef = C05827701D0BF87E0086BD35 /* CardListView.swift */; };
		C05827731D0BF8900086BD35 /* CardItemView.swift in Sources */ = {isa = PBXBuildFile; fileRef = C05827721D0BF8900086BD35 /* CardItemView.swift */; };
		C05827751D0C01920086BD35 /* CardListViewController.swift in Sources */ = {isa = PBXBuildFile; fileRef = C05827741D0C01920086BD35 /* CardListViewController.swift */; };
		C065D03D1D1163BD00433963 /* CardEntity.swift in Sources */ = {isa = PBXBuildFile; fileRef = C065D03C1D1163BD00433963 /* CardEntity.swift */; };
		C065D0471D1181D900433963 /* CardTray.framework in Frameworks */ = {isa = PBXBuildFile; fileRef = C0E9E47A1D0BB75E006218BE /* CardTray.framework */; };
		C065D04E1D11824200433963 /* CardNumberValidationTests.swift in Sources */ = {isa = PBXBuildFile; fileRef = C065D04D1D11824200433963 /* CardNumberValidationTests.swift */; };
		C07592571D0BE33E00E44268 /* CardTrayFacade.swift in Sources */ = {isa = PBXBuildFile; fileRef = C07592561D0BE33E00E44268 /* CardTrayFacade.swift */; };
		C0900FCB1D0C9CDD003B1357 /* CardIOWrapper.h in Headers */ = {isa = PBXBuildFile; fileRef = C0900FCA1D0C9CDD003B1357 /* CardIOWrapper.h */; settings = {ATTRIBUTES = (Public, ); }; };
		C0900FCF1D0C9CDD003B1357 /* CardIOWrapper.framework in Frameworks */ = {isa = PBXBuildFile; fileRef = C0900FC81D0C9CDD003B1357 /* CardIOWrapper.framework */; };
		C0900FD71D0C9D3C003B1357 /* libCardIO.a in Frameworks */ = {isa = PBXBuildFile; fileRef = C0900FD41D0C9D3C003B1357 /* libCardIO.a */; };
		C0900FD81D0C9D3C003B1357 /* libopencv_core.a in Frameworks */ = {isa = PBXBuildFile; fileRef = C0900FD51D0C9D3C003B1357 /* libopencv_core.a */; };
		C0900FD91D0C9D3C003B1357 /* libopencv_imgproc.a in Frameworks */ = {isa = PBXBuildFile; fileRef = C0900FD61D0C9D3C003B1357 /* libopencv_imgproc.a */; };
		C0900FE51D0C9D5C003B1357 /* CardIO.h in Headers */ = {isa = PBXBuildFile; fileRef = C0900FDD1D0C9D5C003B1357 /* CardIO.h */; settings = {ATTRIBUTES = (Public, ); }; };
		C0900FE61D0C9D5C003B1357 /* CardIOCreditCardInfo.h in Headers */ = {isa = PBXBuildFile; fileRef = C0900FDE1D0C9D5C003B1357 /* CardIOCreditCardInfo.h */; settings = {ATTRIBUTES = (Public, ); }; };
		C0900FE71D0C9D5C003B1357 /* CardIODetectionMode.h in Headers */ = {isa = PBXBuildFile; fileRef = C0900FDF1D0C9D5C003B1357 /* CardIODetectionMode.h */; settings = {ATTRIBUTES = (Public, ); }; };
		C0900FE81D0C9D5C003B1357 /* CardIOPaymentViewController.h in Headers */ = {isa = PBXBuildFile; fileRef = C0900FE01D0C9D5C003B1357 /* CardIOPaymentViewController.h */; settings = {ATTRIBUTES = (Public, ); }; };
		C0900FE91D0C9D5C003B1357 /* CardIOPaymentViewControllerDelegate.h in Headers */ = {isa = PBXBuildFile; fileRef = C0900FE11D0C9D5C003B1357 /* CardIOPaymentViewControllerDelegate.h */; settings = {ATTRIBUTES = (Public, ); }; };
		C0900FEA1D0C9D5C003B1357 /* CardIOUtilities.h in Headers */ = {isa = PBXBuildFile; fileRef = C0900FE21D0C9D5C003B1357 /* CardIOUtilities.h */; settings = {ATTRIBUTES = (Public, ); }; };
		C0900FEB1D0C9D5C003B1357 /* CardIOView.h in Headers */ = {isa = PBXBuildFile; fileRef = C0900FE31D0C9D5C003B1357 /* CardIOView.h */; settings = {ATTRIBUTES = (Public, ); }; };
		C0900FEC1D0C9D5C003B1357 /* CardIOViewDelegate.h in Headers */ = {isa = PBXBuildFile; fileRef = C0900FE41D0C9D5C003B1357 /* CardIOViewDelegate.h */; settings = {ATTRIBUTES = (Public, ); }; };
		C0900FED1D0C9ED4003B1357 /* CardIOWrapper.framework in Frameworks */ = {isa = PBXBuildFile; fileRef = C0900FC81D0C9CDD003B1357 /* CardIOWrapper.framework */; };
		C0900FEF1D0C9FC8003B1357 /* CoreGraphics.framework in Frameworks */ = {isa = PBXBuildFile; fileRef = C0900FEE1D0C9FC8003B1357 /* CoreGraphics.framework */; };
		C0900FF11D0C9FD6003B1357 /* Accelerate.framework in Frameworks */ = {isa = PBXBuildFile; fileRef = C0900FF01D0C9FD6003B1357 /* Accelerate.framework */; };
		C0900FF41D0C9FED003B1357 /* AVFoundation.framework in Frameworks */ = {isa = PBXBuildFile; fileRef = C0900FF21D0C9FED003B1357 /* AVFoundation.framework */; };
		C0900FF51D0C9FED003B1357 /* Foundation.framework in Frameworks */ = {isa = PBXBuildFile; fileRef = C0900FF31D0C9FED003B1357 /* Foundation.framework */; };
		C0900FF71D0C9FF3003B1357 /* MobileCoreServices.framework in Frameworks */ = {isa = PBXBuildFile; fileRef = C0900FF61D0C9FF2003B1357 /* MobileCoreServices.framework */; };
		C0900FF91D0C9FF7003B1357 /* OpenGLES.framework in Frameworks */ = {isa = PBXBuildFile; fileRef = C0900FF81D0C9FF7003B1357 /* OpenGLES.framework */; };
		C0900FFB1D0C9FFD003B1357 /* Security.framework in Frameworks */ = {isa = PBXBuildFile; fileRef = C0900FFA1D0C9FFD003B1357 /* Security.framework */; };
		C0900FFD1D0CA002003B1357 /* UIKit.framework in Frameworks */ = {isa = PBXBuildFile; fileRef = C0900FFC1D0CA002003B1357 /* UIKit.framework */; };
		C0900FFF1D0CA009003B1357 /* QuartzCore.framework in Frameworks */ = {isa = PBXBuildFile; fileRef = C0900FFE1D0CA009003B1357 /* QuartzCore.framework */; };
		C09010011D0CA010003B1357 /* AudioToolbox.framework in Frameworks */ = {isa = PBXBuildFile; fileRef = C09010001D0CA010003B1357 /* AudioToolbox.framework */; };
		C09010051D0CA051003B1357 /* libstdc++.tbd in Frameworks */ = {isa = PBXBuildFile; fileRef = C09010041D0CA051003B1357 /* libstdc++.tbd */; };
		C09010071D0CA060003B1357 /* CoreVideo.framework in Frameworks */ = {isa = PBXBuildFile; fileRef = C09010061D0CA060003B1357 /* CoreVideo.framework */; };
		C09010091D0CA068003B1357 /* CoreMedia.framework in Frameworks */ = {isa = PBXBuildFile; fileRef = C09010081D0CA068003B1357 /* CoreMedia.framework */; };
		C090100A1D0CA098003B1357 /* CardIOWrapper.framework in Embed Frameworks */ = {isa = PBXBuildFile; fileRef = C0900FC81D0C9CDD003B1357 /* CardIOWrapper.framework */; settings = {ATTRIBUTES = (CodeSignOnCopy, RemoveHeadersOnCopy, ); }; };
		C0C987361D0BBC1F00C4DF72 /* CardManagement.storyboard in Resources */ = {isa = PBXBuildFile; fileRef = C0C987351D0BBC1F00C4DF72 /* CardManagement.storyboard */; };
		C0D06F381D13861700580B2A /* CardDetailsViewController.swift in Sources */ = {isa = PBXBuildFile; fileRef = C0D06F371D13861700580B2A /* CardDetailsViewController.swift */; };
		C0D06F3A1D14081800580B2A /* CardListModel.swift in Sources */ = {isa = PBXBuildFile; fileRef = C0D06F391D14081800580B2A /* CardListModel.swift */; };
		C0D06F3C1D153A9B00580B2A /* CardInfoViewController.swift in Sources */ = {isa = PBXBuildFile; fileRef = C0D06F3B1D153A9B00580B2A /* CardInfoViewController.swift */; };
		C0E9E4641D0BB709006218BE /* AppDelegate.swift in Sources */ = {isa = PBXBuildFile; fileRef = C0E9E4631D0BB709006218BE /* AppDelegate.swift */; };
		C0E9E46B1D0BB70A006218BE /* Assets.xcassets in Resources */ = {isa = PBXBuildFile; fileRef = C0E9E46A1D0BB70A006218BE /* Assets.xcassets */; };
		C0E9E46E1D0BB70A006218BE /* LaunchScreen.storyboard in Resources */ = {isa = PBXBuildFile; fileRef = C0E9E46C1D0BB70A006218BE /* LaunchScreen.storyboard */; };
		C0E9E47D1D0BB75E006218BE /* CardTray.h in Headers */ = {isa = PBXBuildFile; fileRef = C0E9E47C1D0BB75E006218BE /* CardTray.h */; settings = {ATTRIBUTES = (Public, ); }; };
		C0E9E4811D0BB75E006218BE /* CardTray.framework in Frameworks */ = {isa = PBXBuildFile; fileRef = C0E9E47A1D0BB75E006218BE /* CardTray.framework */; };
		C0E9E4821D0BB75E006218BE /* CardTray.framework in Embed Frameworks */ = {isa = PBXBuildFile; fileRef = C0E9E47A1D0BB75E006218BE /* CardTray.framework */; settings = {ATTRIBUTES = (CodeSignOnCopy, RemoveHeadersOnCopy, ); }; };
		C465C86420955D327B9BD8C5 /* Pods_CardTray.framework in Frameworks */ = {isa = PBXBuildFile; fileRef = 5511F907E598CBB27A5F2760 /* Pods_CardTray.framework */; };
		ED86D8ECBB0DDE3CE9F2F5B7 /* Pods_CardIOWrapper.framework in Frameworks */ = {isa = PBXBuildFile; fileRef = 536FA5864D66DEA185019D68 /* Pods_CardIOWrapper.framework */; };
/* End PBXBuildFile section */

/* Begin PBXContainerItemProxy section */
		C065D0481D1181D900433963 /* PBXContainerItemProxy */ = {
			isa = PBXContainerItemProxy;
			containerPortal = C0E9E4581D0BB709006218BE /* Project object */;
			proxyType = 1;
			remoteGlobalIDString = C0E9E4791D0BB75E006218BE;
			remoteInfo = CardTray;
		};
		C0900FCD1D0C9CDD003B1357 /* PBXContainerItemProxy */ = {
			isa = PBXContainerItemProxy;
			containerPortal = C0E9E4581D0BB709006218BE /* Project object */;
			proxyType = 1;
			remoteGlobalIDString = C0900FC71D0C9CDD003B1357;
			remoteInfo = CardIOWrapper;
		};
		C0E9E47F1D0BB75E006218BE /* PBXContainerItemProxy */ = {
			isa = PBXContainerItemProxy;
			containerPortal = C0E9E4581D0BB709006218BE /* Project object */;
			proxyType = 1;
			remoteGlobalIDString = C0E9E4791D0BB75E006218BE;
			remoteInfo = CardTray;
		};
/* End PBXContainerItemProxy section */

/* Begin PBXCopyFilesBuildPhase section */
		C0E9E4861D0BB75E006218BE /* Embed Frameworks */ = {
			isa = PBXCopyFilesBuildPhase;
			buildActionMask = 2147483647;
			dstPath = "";
			dstSubfolderSpec = 10;
			files = (
				C090100A1D0CA098003B1357 /* CardIOWrapper.framework in Embed Frameworks */,
				C0E9E4821D0BB75E006218BE /* CardTray.framework in Embed Frameworks */,
			);
			name = "Embed Frameworks";
			runOnlyForDeploymentPostprocessing = 0;
		};
/* End PBXCopyFilesBuildPhase section */

/* Begin PBXFileReference section */
		106E929F57DDA60B4EAC3C22 /* Pods-CardTray.release.xcconfig */ = {isa = PBXFileReference; includeInIndex = 1; lastKnownFileType = text.xcconfig; name = "Pods-CardTray.release.xcconfig"; path = "Pods/Target Support Files/Pods-CardTray/Pods-CardTray.release.xcconfig"; sourceTree = "<group>"; };
		404056441D0FDEB900C5F025 /* CardItemView.xib */ = {isa = PBXFileReference; fileEncoding = 4; lastKnownFileType = file.xib; name = CardItemView.xib; path = CardTray/Resources/CardItemView.xib; sourceTree = SOURCE_ROOT; };
		40D0080F1D0FE32B003360CC /* CardTrayAssets.xcassets */ = {isa = PBXFileReference; lastKnownFileType = folder.assetcatalog; path = CardTrayAssets.xcassets; sourceTree = "<group>"; };
		40DDDDBC1D0FC72E002A2A98 /* CardTransactionListViewController.swift */ = {isa = PBXFileReference; fileEncoding = 4; lastKnownFileType = sourcecode.swift; path = CardTransactionListViewController.swift; sourceTree = "<group>"; };
		40DDDDBE1D0FCD51002A2A98 /* CardServicesViewController.swift */ = {isa = PBXFileReference; fileEncoding = 4; lastKnownFileType = sourcecode.swift; path = CardServicesViewController.swift; sourceTree = "<group>"; };
		4D82D1016EC0DEAB08B89FFA /* Pods-CardTrayDemo.debug.xcconfig */ = {isa = PBXFileReference; includeInIndex = 1; lastKnownFileType = text.xcconfig; name = "Pods-CardTrayDemo.debug.xcconfig"; path = "Pods/Target Support Files/Pods-CardTrayDemo/Pods-CardTrayDemo.debug.xcconfig"; sourceTree = "<group>"; };
		5276DFFBD95A0C05466BAD67 /* Pods-CardTray.debug.xcconfig */ = {isa = PBXFileReference; includeInIndex = 1; lastKnownFileType = text.xcconfig; name = "Pods-CardTray.debug.xcconfig"; path = "Pods/Target Support Files/Pods-CardTray/Pods-CardTray.debug.xcconfig"; sourceTree = "<group>"; };
		536FA5864D66DEA185019D68 /* Pods_CardIOWrapper.framework */ = {isa = PBXFileReference; explicitFileType = wrapper.framework; includeInIndex = 0; path = Pods_CardIOWrapper.framework; sourceTree = BUILT_PRODUCTS_DIR; };
		5511F907E598CBB27A5F2760 /* Pods_CardTray.framework */ = {isa = PBXFileReference; explicitFileType = wrapper.framework; includeInIndex = 0; path = Pods_CardTray.framework; sourceTree = BUILT_PRODUCTS_DIR; };
		5541BAE52E18C9B6997CED02 /* Pods-CardIO.release.xcconfig */ = {isa = PBXFileReference; includeInIndex = 1; lastKnownFileType = text.xcconfig; name = "Pods-CardIO.release.xcconfig"; path = "Pods/Target Support Files/Pods-CardIO/Pods-CardIO.release.xcconfig"; sourceTree = "<group>"; };
		9786026A62B651C6328F4479 /* Pods_CardTrayDemo.framework */ = {isa = PBXFileReference; explicitFileType = wrapper.framework; includeInIndex = 0; path = Pods_CardTrayDemo.framework; sourceTree = BUILT_PRODUCTS_DIR; };
		BF8B02236F083A19A17420FD /* Pods_CardIO.framework */ = {isa = PBXFileReference; explicitFileType = wrapper.framework; includeInIndex = 0; path = Pods_CardIO.framework; sourceTree = BUILT_PRODUCTS_DIR; };
		C0442BCA1D127805002A6E58 /* CardExpirationPickerController.swift */ = {isa = PBXFileReference; fileEncoding = 4; lastKnownFileType = sourcecode.swift; path = CardExpirationPickerController.swift; sourceTree = "<group>"; };
		C0442BCE1D127AD1002A6E58 /* CardVerifyViewController.swift */ = {isa = PBXFileReference; fileEncoding = 4; lastKnownFileType = sourcecode.swift; path = CardVerifyViewController.swift; sourceTree = "<group>"; };
		C0473D9C1D0C5B7C00BB496F /* CardCaptureViewController.swift */ = {isa = PBXFileReference; fileEncoding = 4; lastKnownFileType = sourcecode.swift; path = CardCaptureViewController.swift; sourceTree = "<group>"; };
		C0473DA31D0C6FB600BB496F /* TesseractOCR.framework */ = {isa = PBXFileReference; lastKnownFileType = wrapper.framework; name = TesseractOCR.framework; path = "../../../../Library/Developer/Xcode/DerivedData/CardTrayDemo-ezjxpdfuxmolgvfpsyccipahpcdt/Build/Products/Debug-iphonesimulator/TesseractOCRiOS/TesseractOCR.framework"; sourceTree = "<group>"; };
		C0473DA61D0C744200BB496F /* tessdata */ = {isa = PBXFileReference; lastKnownFileType = folder; path = tessdata; sourceTree = "<group>"; };
		C05827701D0BF87E0086BD35 /* CardListView.swift */ = {isa = PBXFileReference; fileEncoding = 4; lastKnownFileType = sourcecode.swift; path = CardListView.swift; sourceTree = "<group>"; };
		C05827721D0BF8900086BD35 /* CardItemView.swift */ = {isa = PBXFileReference; fileEncoding = 4; lastKnownFileType = sourcecode.swift; path = CardItemView.swift; sourceTree = "<group>"; };
		C05827741D0C01920086BD35 /* CardListViewController.swift */ = {isa = PBXFileReference; fileEncoding = 4; lastKnownFileType = sourcecode.swift; path = CardListViewController.swift; sourceTree = "<group>"; };
		C065D03C1D1163BD00433963 /* CardEntity.swift */ = {isa = PBXFileReference; fileEncoding = 4; lastKnownFileType = sourcecode.swift; path = CardEntity.swift; sourceTree = "<group>"; };
		C065D0421D1181D900433963 /* CardTrayTests.xctest */ = {isa = PBXFileReference; explicitFileType = wrapper.cfbundle; includeInIndex = 0; path = CardTrayTests.xctest; sourceTree = BUILT_PRODUCTS_DIR; };
		C065D0461D1181D900433963 /* Info.plist */ = {isa = PBXFileReference; lastKnownFileType = text.plist.xml; path = Info.plist; sourceTree = "<group>"; };
		C065D04D1D11824200433963 /* CardNumberValidationTests.swift */ = {isa = PBXFileReference; fileEncoding = 4; lastKnownFileType = sourcecode.swift; path = CardNumberValidationTests.swift; sourceTree = "<group>"; };
		C07592561D0BE33E00E44268 /* CardTrayFacade.swift */ = {isa = PBXFileReference; fileEncoding = 4; lastKnownFileType = sourcecode.swift; path = CardTrayFacade.swift; sourceTree = "<group>"; };
		C0900FC81D0C9CDD003B1357 /* CardIOWrapper.framework */ = {isa = PBXFileReference; explicitFileType = wrapper.framework; includeInIndex = 0; path = CardIOWrapper.framework; sourceTree = BUILT_PRODUCTS_DIR; };
		C0900FCA1D0C9CDD003B1357 /* CardIOWrapper.h */ = {isa = PBXFileReference; lastKnownFileType = sourcecode.c.h; path = CardIOWrapper.h; sourceTree = "<group>"; };
		C0900FCC1D0C9CDD003B1357 /* Info.plist */ = {isa = PBXFileReference; lastKnownFileType = text.plist.xml; path = Info.plist; sourceTree = "<group>"; };
		C0900FD41D0C9D3C003B1357 /* libCardIO.a */ = {isa = PBXFileReference; lastKnownFileType = archive.ar; name = libCardIO.a; path = Pods/CardIO/CardIO/libCardIO.a; sourceTree = "<group>"; };
		C0900FD51D0C9D3C003B1357 /* libopencv_core.a */ = {isa = PBXFileReference; lastKnownFileType = archive.ar; name = libopencv_core.a; path = Pods/CardIO/CardIO/libopencv_core.a; sourceTree = "<group>"; };
		C0900FD61D0C9D3C003B1357 /* libopencv_imgproc.a */ = {isa = PBXFileReference; lastKnownFileType = archive.ar; name = libopencv_imgproc.a; path = Pods/CardIO/CardIO/libopencv_imgproc.a; sourceTree = "<group>"; };
		C0900FDB1D0C9D3C003B1357 /* libopencv_core.a */ = {isa = PBXFileReference; lastKnownFileType = archive.ar; name = libopencv_core.a; path = Pods/CardIO/CardIO/libopencv_core.a; sourceTree = "<group>"; };
		C0900FDC1D0C9D3D003B1357 /* libopencv_imgproc.a */ = {isa = PBXFileReference; lastKnownFileType = archive.ar; name = libopencv_imgproc.a; path = Pods/CardIO/CardIO/libopencv_imgproc.a; sourceTree = "<group>"; };
		C0900FDD1D0C9D5C003B1357 /* CardIO.h */ = {isa = PBXFileReference; lastKnownFileType = sourcecode.c.h; name = CardIO.h; path = ../Pods/CardIO/CardIO/CardIO.h; sourceTree = "<group>"; };
		C0900FDE1D0C9D5C003B1357 /* CardIOCreditCardInfo.h */ = {isa = PBXFileReference; lastKnownFileType = sourcecode.c.h; name = CardIOCreditCardInfo.h; path = ../Pods/CardIO/CardIO/CardIOCreditCardInfo.h; sourceTree = "<group>"; };
		C0900FDF1D0C9D5C003B1357 /* CardIODetectionMode.h */ = {isa = PBXFileReference; lastKnownFileType = sourcecode.c.h; name = CardIODetectionMode.h; path = ../Pods/CardIO/CardIO/CardIODetectionMode.h; sourceTree = "<group>"; };
		C0900FE01D0C9D5C003B1357 /* CardIOPaymentViewController.h */ = {isa = PBXFileReference; lastKnownFileType = sourcecode.c.h; name = CardIOPaymentViewController.h; path = ../Pods/CardIO/CardIO/CardIOPaymentViewController.h; sourceTree = "<group>"; };
		C0900FE11D0C9D5C003B1357 /* CardIOPaymentViewControllerDelegate.h */ = {isa = PBXFileReference; lastKnownFileType = sourcecode.c.h; name = CardIOPaymentViewControllerDelegate.h; path = ../Pods/CardIO/CardIO/CardIOPaymentViewControllerDelegate.h; sourceTree = "<group>"; };
		C0900FE21D0C9D5C003B1357 /* CardIOUtilities.h */ = {isa = PBXFileReference; lastKnownFileType = sourcecode.c.h; name = CardIOUtilities.h; path = ../Pods/CardIO/CardIO/CardIOUtilities.h; sourceTree = "<group>"; };
		C0900FE31D0C9D5C003B1357 /* CardIOView.h */ = {isa = PBXFileReference; lastKnownFileType = sourcecode.c.h; name = CardIOView.h; path = ../Pods/CardIO/CardIO/CardIOView.h; sourceTree = "<group>"; };
		C0900FE41D0C9D5C003B1357 /* CardIOViewDelegate.h */ = {isa = PBXFileReference; lastKnownFileType = sourcecode.c.h; name = CardIOViewDelegate.h; path = ../Pods/CardIO/CardIO/CardIOViewDelegate.h; sourceTree = "<group>"; };
		C0900FEE1D0C9FC8003B1357 /* CoreGraphics.framework */ = {isa = PBXFileReference; lastKnownFileType = wrapper.framework; name = CoreGraphics.framework; path = System/Library/Frameworks/CoreGraphics.framework; sourceTree = SDKROOT; };
		C0900FF01D0C9FD6003B1357 /* Accelerate.framework */ = {isa = PBXFileReference; lastKnownFileType = wrapper.framework; name = Accelerate.framework; path = System/Library/Frameworks/Accelerate.framework; sourceTree = SDKROOT; };
		C0900FF21D0C9FED003B1357 /* AVFoundation.framework */ = {isa = PBXFileReference; lastKnownFileType = wrapper.framework; name = AVFoundation.framework; path = System/Library/Frameworks/AVFoundation.framework; sourceTree = SDKROOT; };
		C0900FF31D0C9FED003B1357 /* Foundation.framework */ = {isa = PBXFileReference; lastKnownFileType = wrapper.framework; name = Foundation.framework; path = System/Library/Frameworks/Foundation.framework; sourceTree = SDKROOT; };
		C0900FF61D0C9FF2003B1357 /* MobileCoreServices.framework */ = {isa = PBXFileReference; lastKnownFileType = wrapper.framework; name = MobileCoreServices.framework; path = System/Library/Frameworks/MobileCoreServices.framework; sourceTree = SDKROOT; };
		C0900FF81D0C9FF7003B1357 /* OpenGLES.framework */ = {isa = PBXFileReference; lastKnownFileType = wrapper.framework; name = OpenGLES.framework; path = System/Library/Frameworks/OpenGLES.framework; sourceTree = SDKROOT; };
		C0900FFA1D0C9FFD003B1357 /* Security.framework */ = {isa = PBXFileReference; lastKnownFileType = wrapper.framework; name = Security.framework; path = System/Library/Frameworks/Security.framework; sourceTree = SDKROOT; };
		C0900FFC1D0CA002003B1357 /* UIKit.framework */ = {isa = PBXFileReference; lastKnownFileType = wrapper.framework; name = UIKit.framework; path = System/Library/Frameworks/UIKit.framework; sourceTree = SDKROOT; };
		C0900FFE1D0CA009003B1357 /* QuartzCore.framework */ = {isa = PBXFileReference; lastKnownFileType = wrapper.framework; name = QuartzCore.framework; path = System/Library/Frameworks/QuartzCore.framework; sourceTree = SDKROOT; };
		C09010001D0CA010003B1357 /* AudioToolbox.framework */ = {isa = PBXFileReference; lastKnownFileType = wrapper.framework; name = AudioToolbox.framework; path = System/Library/Frameworks/AudioToolbox.framework; sourceTree = SDKROOT; };
		C09010021D0CA01E003B1357 /* libstdc++.6.0.9.tbd */ = {isa = PBXFileReference; lastKnownFileType = "sourcecode.text-based-dylib-definition"; name = "libstdc++.6.0.9.tbd"; path = "usr/lib/libstdc++.6.0.9.tbd"; sourceTree = SDKROOT; };
		C09010041D0CA051003B1357 /* libstdc++.tbd */ = {isa = PBXFileReference; lastKnownFileType = "sourcecode.text-based-dylib-definition"; name = "libstdc++.tbd"; path = "usr/lib/libstdc++.tbd"; sourceTree = SDKROOT; };
		C09010061D0CA060003B1357 /* CoreVideo.framework */ = {isa = PBXFileReference; lastKnownFileType = wrapper.framework; name = CoreVideo.framework; path = System/Library/Frameworks/CoreVideo.framework; sourceTree = SDKROOT; };
		C09010081D0CA068003B1357 /* CoreMedia.framework */ = {isa = PBXFileReference; lastKnownFileType = wrapper.framework; name = CoreMedia.framework; path = System/Library/Frameworks/CoreMedia.framework; sourceTree = SDKROOT; };
		C0C987351D0BBC1F00C4DF72 /* CardManagement.storyboard */ = {isa = PBXFileReference; fileEncoding = 4; lastKnownFileType = file.storyboard; path = CardManagement.storyboard; sourceTree = "<group>"; };
		C0D06F371D13861700580B2A /* CardDetailsViewController.swift */ = {isa = PBXFileReference; fileEncoding = 4; lastKnownFileType = sourcecode.swift; path = CardDetailsViewController.swift; sourceTree = "<group>"; };
		C0D06F391D14081800580B2A /* CardListModel.swift */ = {isa = PBXFileReference; fileEncoding = 4; lastKnownFileType = sourcecode.swift; path = CardListModel.swift; sourceTree = "<group>"; };
		C0D06F3B1D153A9B00580B2A /* CardInfoViewController.swift */ = {isa = PBXFileReference; fileEncoding = 4; lastKnownFileType = sourcecode.swift; path = CardInfoViewController.swift; sourceTree = "<group>"; };
		C0E9E4601D0BB709006218BE /* CardTrayDemo.app */ = {isa = PBXFileReference; explicitFileType = wrapper.application; includeInIndex = 0; path = CardTrayDemo.app; sourceTree = BUILT_PRODUCTS_DIR; };
		C0E9E4631D0BB709006218BE /* AppDelegate.swift */ = {isa = PBXFileReference; lastKnownFileType = sourcecode.swift; path = AppDelegate.swift; sourceTree = "<group>"; };
		C0E9E46A1D0BB70A006218BE /* Assets.xcassets */ = {isa = PBXFileReference; lastKnownFileType = folder.assetcatalog; path = Assets.xcassets; sourceTree = "<group>"; };
		C0E9E46D1D0BB70A006218BE /* Base */ = {isa = PBXFileReference; lastKnownFileType = file.storyboard; name = Base; path = Base.lproj/LaunchScreen.storyboard; sourceTree = "<group>"; };
		C0E9E46F1D0BB70A006218BE /* Info.plist */ = {isa = PBXFileReference; lastKnownFileType = text.plist.xml; path = Info.plist; sourceTree = "<group>"; };
		C0E9E47A1D0BB75E006218BE /* CardTray.framework */ = {isa = PBXFileReference; explicitFileType = wrapper.framework; includeInIndex = 0; path = CardTray.framework; sourceTree = BUILT_PRODUCTS_DIR; };
		C0E9E47C1D0BB75E006218BE /* CardTray.h */ = {isa = PBXFileReference; lastKnownFileType = sourcecode.c.h; path = CardTray.h; sourceTree = "<group>"; };
		C0E9E47E1D0BB75E006218BE /* Info.plist */ = {isa = PBXFileReference; lastKnownFileType = text.plist.xml; path = Info.plist; sourceTree = "<group>"; };
		D302D0A6CCA35319349B27DB /* Pods-CardIOWrapper.release.xcconfig */ = {isa = PBXFileReference; includeInIndex = 1; lastKnownFileType = text.xcconfig; name = "Pods-CardIOWrapper.release.xcconfig"; path = "Pods/Target Support Files/Pods-CardIOWrapper/Pods-CardIOWrapper.release.xcconfig"; sourceTree = "<group>"; };
		D6B8B334B6A5DD14B8562570 /* Pods-CardTrayDemo.release.xcconfig */ = {isa = PBXFileReference; includeInIndex = 1; lastKnownFileType = text.xcconfig; name = "Pods-CardTrayDemo.release.xcconfig"; path = "Pods/Target Support Files/Pods-CardTrayDemo/Pods-CardTrayDemo.release.xcconfig"; sourceTree = "<group>"; };
		E694073191037700B4EBF431 /* Pods-CardIO.debug.xcconfig */ = {isa = PBXFileReference; includeInIndex = 1; lastKnownFileType = text.xcconfig; name = "Pods-CardIO.debug.xcconfig"; path = "Pods/Target Support Files/Pods-CardIO/Pods-CardIO.debug.xcconfig"; sourceTree = "<group>"; };
		F51BF5DE8D6F401999CC0F67 /* Pods-CardIOWrapper.debug.xcconfig */ = {isa = PBXFileReference; includeInIndex = 1; lastKnownFileType = text.xcconfig; name = "Pods-CardIOWrapper.debug.xcconfig"; path = "Pods/Target Support Files/Pods-CardIOWrapper/Pods-CardIOWrapper.debug.xcconfig"; sourceTree = "<group>"; };
/* End PBXFileReference section */

/* Begin PBXFrameworksBuildPhase section */
		C065D03F1D1181D900433963 /* Frameworks */ = {
			isa = PBXFrameworksBuildPhase;
			buildActionMask = 2147483647;
			files = (
				C065D0471D1181D900433963 /* CardTray.framework in Frameworks */,
			);
			runOnlyForDeploymentPostprocessing = 0;
		};
		C0900FC41D0C9CDD003B1357 /* Frameworks */ = {
			isa = PBXFrameworksBuildPhase;
			buildActionMask = 2147483647;
			files = (
				C09010091D0CA068003B1357 /* CoreMedia.framework in Frameworks */,
				C09010071D0CA060003B1357 /* CoreVideo.framework in Frameworks */,
				C09010051D0CA051003B1357 /* libstdc++.tbd in Frameworks */,
				C09010011D0CA010003B1357 /* AudioToolbox.framework in Frameworks */,
				C0900FFF1D0CA009003B1357 /* QuartzCore.framework in Frameworks */,
				C0900FFD1D0CA002003B1357 /* UIKit.framework in Frameworks */,
				C0900FFB1D0C9FFD003B1357 /* Security.framework in Frameworks */,
				C0900FF91D0C9FF7003B1357 /* OpenGLES.framework in Frameworks */,
				C0900FF71D0C9FF3003B1357 /* MobileCoreServices.framework in Frameworks */,
				C0900FF41D0C9FED003B1357 /* AVFoundation.framework in Frameworks */,
				C0900FF51D0C9FED003B1357 /* Foundation.framework in Frameworks */,
				C0900FF11D0C9FD6003B1357 /* Accelerate.framework in Frameworks */,
				C0900FEF1D0C9FC8003B1357 /* CoreGraphics.framework in Frameworks */,
				C0900FD71D0C9D3C003B1357 /* libCardIO.a in Frameworks */,
				C0900FD81D0C9D3C003B1357 /* libopencv_core.a in Frameworks */,
				C0900FD91D0C9D3C003B1357 /* libopencv_imgproc.a in Frameworks */,
				ED86D8ECBB0DDE3CE9F2F5B7 /* Pods_CardIOWrapper.framework in Frameworks */,
			);
			runOnlyForDeploymentPostprocessing = 0;
		};
		C0E9E45D1D0BB709006218BE /* Frameworks */ = {
			isa = PBXFrameworksBuildPhase;
			buildActionMask = 2147483647;
			files = (
				C0900FCF1D0C9CDD003B1357 /* CardIOWrapper.framework in Frameworks */,
				C0E9E4811D0BB75E006218BE /* CardTray.framework in Frameworks */,
				01C260B6C41EFFA19593DC69 /* Pods_CardTrayDemo.framework in Frameworks */,
			);
			runOnlyForDeploymentPostprocessing = 0;
		};
		C0E9E4761D0BB75E006218BE /* Frameworks */ = {
			isa = PBXFrameworksBuildPhase;
			buildActionMask = 2147483647;
			files = (
				C0900FED1D0C9ED4003B1357 /* CardIOWrapper.framework in Frameworks */,
				C465C86420955D327B9BD8C5 /* Pods_CardTray.framework in Frameworks */,
			);
			runOnlyForDeploymentPostprocessing = 0;
		};
/* End PBXFrameworksBuildPhase section */

/* Begin PBXGroup section */
		19478F0BBEB5ABD619A44C19 /* Pods */ = {
			isa = PBXGroup;
			children = (
				5276DFFBD95A0C05466BAD67 /* Pods-CardTray.debug.xcconfig */,
				106E929F57DDA60B4EAC3C22 /* Pods-CardTray.release.xcconfig */,
				4D82D1016EC0DEAB08B89FFA /* Pods-CardTrayDemo.debug.xcconfig */,
				D6B8B334B6A5DD14B8562570 /* Pods-CardTrayDemo.release.xcconfig */,
				E694073191037700B4EBF431 /* Pods-CardIO.debug.xcconfig */,
				5541BAE52E18C9B6997CED02 /* Pods-CardIO.release.xcconfig */,
				F51BF5DE8D6F401999CC0F67 /* Pods-CardIOWrapper.debug.xcconfig */,
				D302D0A6CCA35319349B27DB /* Pods-CardIOWrapper.release.xcconfig */,
			);
			name = Pods;
			sourceTree = "<group>";
		};
		75727771B077B5729EC03162 /* Frameworks */ = {
			isa = PBXGroup;
			children = (
				C09010081D0CA068003B1357 /* CoreMedia.framework */,
				C09010061D0CA060003B1357 /* CoreVideo.framework */,
				C09010041D0CA051003B1357 /* libstdc++.tbd */,
				C09010021D0CA01E003B1357 /* libstdc++.6.0.9.tbd */,
				C09010001D0CA010003B1357 /* AudioToolbox.framework */,
				C0900FFE1D0CA009003B1357 /* QuartzCore.framework */,
				C0900FFC1D0CA002003B1357 /* UIKit.framework */,
				C0900FFA1D0C9FFD003B1357 /* Security.framework */,
				C0900FF81D0C9FF7003B1357 /* OpenGLES.framework */,
				C0900FF61D0C9FF2003B1357 /* MobileCoreServices.framework */,
				C0900FF21D0C9FED003B1357 /* AVFoundation.framework */,
				C0900FF31D0C9FED003B1357 /* Foundation.framework */,
				C0900FF01D0C9FD6003B1357 /* Accelerate.framework */,
				C0900FEE1D0C9FC8003B1357 /* CoreGraphics.framework */,
				C0900FDB1D0C9D3C003B1357 /* libopencv_core.a */,
				C0900FDC1D0C9D3D003B1357 /* libopencv_imgproc.a */,
				C0900FD41D0C9D3C003B1357 /* libCardIO.a */,
				C0900FD51D0C9D3C003B1357 /* libopencv_core.a */,
				C0900FD61D0C9D3C003B1357 /* libopencv_imgproc.a */,
				C0473DA31D0C6FB600BB496F /* TesseractOCR.framework */,
				5511F907E598CBB27A5F2760 /* Pods_CardTray.framework */,
				9786026A62B651C6328F4479 /* Pods_CardTrayDemo.framework */,
				BF8B02236F083A19A17420FD /* Pods_CardIO.framework */,
				536FA5864D66DEA185019D68 /* Pods_CardIOWrapper.framework */,
			);
			name = Frameworks;
			sourceTree = "<group>";
		};
		C0473DA51D0C741B00BB496F /* Resources */ = {
			isa = PBXGroup;
			children = (
				C0473DA61D0C744200BB496F /* tessdata */,
			);
			path = Resources;
			sourceTree = "<group>";
		};
		C065D0431D1181D900433963 /* CardTrayTests */ = {
			isa = PBXGroup;
			children = (
				C065D0461D1181D900433963 /* Info.plist */,
				C065D04D1D11824200433963 /* CardNumberValidationTests.swift */,
			);
			path = CardTrayTests;
			sourceTree = "<group>";
		};
		C07592551D0BE31200E44268 /* Managers */ = {
			isa = PBXGroup;
			children = (
				C07592561D0BE33E00E44268 /* CardTrayFacade.swift */,
			);
			path = Managers;
			sourceTree = "<group>";
		};
		C0900FC91D0C9CDD003B1357 /* CardIOWrapper */ = {
			isa = PBXGroup;
			children = (
				C0900FDD1D0C9D5C003B1357 /* CardIO.h */,
				C0900FDE1D0C9D5C003B1357 /* CardIOCreditCardInfo.h */,
				C0900FDF1D0C9D5C003B1357 /* CardIODetectionMode.h */,
				C0900FE01D0C9D5C003B1357 /* CardIOPaymentViewController.h */,
				C0900FE11D0C9D5C003B1357 /* CardIOPaymentViewControllerDelegate.h */,
				C0900FE21D0C9D5C003B1357 /* CardIOUtilities.h */,
				C0900FE31D0C9D5C003B1357 /* CardIOView.h */,
				C0900FE41D0C9D5C003B1357 /* CardIOViewDelegate.h */,
				C0900FCA1D0C9CDD003B1357 /* CardIOWrapper.h */,
				C0900FCC1D0C9CDD003B1357 /* Info.plist */,
			);
			path = CardIOWrapper;
			sourceTree = "<group>";
		};
		C0C987341D0BBBFF00C4DF72 /* Resources */ = {
			isa = PBXGroup;
			children = (
				404056441D0FDEB900C5F025 /* CardItemView.xib */,
				C0C987351D0BBC1F00C4DF72 /* CardManagement.storyboard */,
				40D0080F1D0FE32B003360CC /* CardTrayAssets.xcassets */,
			);
			path = Resources;
			sourceTree = "<group>";
		};
		C0E9E4571D0BB709006218BE = {
			isa = PBXGroup;
			children = (
				C0E9E4621D0BB709006218BE /* CardTrayDemo */,
				C0E9E47B1D0BB75E006218BE /* CardTray */,
				C0900FC91D0C9CDD003B1357 /* CardIOWrapper */,
				C065D0431D1181D900433963 /* CardTrayTests */,
				C0E9E4611D0BB709006218BE /* Products */,
				19478F0BBEB5ABD619A44C19 /* Pods */,
				75727771B077B5729EC03162 /* Frameworks */,
			);
			sourceTree = "<group>";
		};
		C0E9E4611D0BB709006218BE /* Products */ = {
			isa = PBXGroup;
			children = (
				C0E9E4601D0BB709006218BE /* CardTrayDemo.app */,
				C0E9E47A1D0BB75E006218BE /* CardTray.framework */,
				C0900FC81D0C9CDD003B1357 /* CardIOWrapper.framework */,
				C065D0421D1181D900433963 /* CardTrayTests.xctest */,
			);
			name = Products;
			sourceTree = "<group>";
		};
		C0E9E4621D0BB709006218BE /* CardTrayDemo */ = {
			isa = PBXGroup;
			children = (
				C0473DA51D0C741B00BB496F /* Resources */,
				C0E9E4631D0BB709006218BE /* AppDelegate.swift */,
				C0E9E46A1D0BB70A006218BE /* Assets.xcassets */,
				C0E9E46C1D0BB70A006218BE /* LaunchScreen.storyboard */,
				C0E9E46F1D0BB70A006218BE /* Info.plist */,
			);
			path = CardTrayDemo;
			sourceTree = "<group>";
		};
		C0E9E47B1D0BB75E006218BE /* CardTray */ = {
			isa = PBXGroup;
			children = (
				C07592551D0BE31200E44268 /* Managers */,
				C0C987341D0BBBFF00C4DF72 /* Resources */,
				C0E9E4871D0BB9A7006218BE /* Controllers */,
				C0E9E4881D0BB9A7006218BE /* Views */,
				C0E9E4891D0BB9A7006218BE /* Models */,
				C0E9E47C1D0BB75E006218BE /* CardTray.h */,
				C0E9E47E1D0BB75E006218BE /* Info.plist */,
			);
			path = CardTray;
			sourceTree = "<group>";
		};
		C0E9E4871D0BB9A7006218BE /* Controllers */ = {
			isa = PBXGroup;
			children = (
				C05827741D0C01920086BD35 /* CardListViewController.swift */,
				C0473D9C1D0C5B7C00BB496F /* CardCaptureViewController.swift */,
				40DDDDBC1D0FC72E002A2A98 /* CardTransactionListViewController.swift */,
				40DDDDBE1D0FCD51002A2A98 /* CardServicesViewController.swift */,
				C0442BCA1D127805002A6E58 /* CardExpirationPickerController.swift */,
				C0442BCE1D127AD1002A6E58 /* CardVerifyViewController.swift */,
				C0D06F371D13861700580B2A /* CardDetailsViewController.swift */,
				C0D06F3B1D153A9B00580B2A /* CardInfoViewController.swift */,
			);
			path = Controllers;
			sourceTree = "<group>";
		};
		C0E9E4881D0BB9A7006218BE /* Views */ = {
			isa = PBXGroup;
			children = (
				C05827701D0BF87E0086BD35 /* CardListView.swift */,
				C05827721D0BF8900086BD35 /* CardItemView.swift */,
			);
			path = Views;
			sourceTree = "<group>";
		};
		C0E9E4891D0BB9A7006218BE /* Models */ = {
			isa = PBXGroup;
			children = (
				C065D03C1D1163BD00433963 /* CardEntity.swift */,
				C0D06F391D14081800580B2A /* CardListModel.swift */,
			);
			path = Models;
			sourceTree = "<group>";
		};
/* End PBXGroup section */

/* Begin PBXHeadersBuildPhase section */
		C0900FC51D0C9CDD003B1357 /* Headers */ = {
			isa = PBXHeadersBuildPhase;
			buildActionMask = 2147483647;
			files = (
				C0900FCB1D0C9CDD003B1357 /* CardIOWrapper.h in Headers */,
				C0900FE51D0C9D5C003B1357 /* CardIO.h in Headers */,
				C0900FE61D0C9D5C003B1357 /* CardIOCreditCardInfo.h in Headers */,
				C0900FE71D0C9D5C003B1357 /* CardIODetectionMode.h in Headers */,
				C0900FE81D0C9D5C003B1357 /* CardIOPaymentViewController.h in Headers */,
				C0900FE91D0C9D5C003B1357 /* CardIOPaymentViewControllerDelegate.h in Headers */,
				C0900FEA1D0C9D5C003B1357 /* CardIOUtilities.h in Headers */,
				C0900FEB1D0C9D5C003B1357 /* CardIOView.h in Headers */,
				C0900FEC1D0C9D5C003B1357 /* CardIOViewDelegate.h in Headers */,
			);
			runOnlyForDeploymentPostprocessing = 0;
		};
		C0E9E4771D0BB75E006218BE /* Headers */ = {
			isa = PBXHeadersBuildPhase;
			buildActionMask = 2147483647;
			files = (
				C0E9E47D1D0BB75E006218BE /* CardTray.h in Headers */,
			);
			runOnlyForDeploymentPostprocessing = 0;
		};
/* End PBXHeadersBuildPhase section */

/* Begin PBXNativeTarget section */
		C065D0411D1181D900433963 /* CardTrayTests */ = {
			isa = PBXNativeTarget;
			buildConfigurationList = C065D04A1D1181D900433963 /* Build configuration list for PBXNativeTarget "CardTrayTests" */;
			buildPhases = (
				C065D03E1D1181D900433963 /* Sources */,
				C065D03F1D1181D900433963 /* Frameworks */,
				C065D0401D1181D900433963 /* Resources */,
			);
			buildRules = (
			);
			dependencies = (
				C065D0491D1181D900433963 /* PBXTargetDependency */,
			);
			name = CardTrayTests;
			productName = CardTrayTests;
			productReference = C065D0421D1181D900433963 /* CardTrayTests.xctest */;
			productType = "com.apple.product-type.bundle.unit-test";
		};
		C0900FC71D0C9CDD003B1357 /* CardIOWrapper */ = {
			isa = PBXNativeTarget;
			buildConfigurationList = C0900FD11D0C9CDD003B1357 /* Build configuration list for PBXNativeTarget "CardIOWrapper" */;
			buildPhases = (
				5EC778EEE6A7DDE64EDB600A /* [CP] Check Pods Manifest.lock */,
				C0900FC31D0C9CDD003B1357 /* Sources */,
				C0900FC41D0C9CDD003B1357 /* Frameworks */,
				C0900FC51D0C9CDD003B1357 /* Headers */,
				C0900FC61D0C9CDD003B1357 /* Resources */,
				069C5A547C576A4179617A8D /* [CP] Copy Pods Resources */,
			);
			buildRules = (
			);
			dependencies = (
			);
			name = CardIOWrapper;
			productName = CardIOWrapper;
			productReference = C0900FC81D0C9CDD003B1357 /* CardIOWrapper.framework */;
			productType = "com.apple.product-type.framework";
		};
		C0E9E45F1D0BB709006218BE /* CardTrayDemo */ = {
			isa = PBXNativeTarget;
			buildConfigurationList = C0E9E4721D0BB70A006218BE /* Build configuration list for PBXNativeTarget "CardTrayDemo" */;
			buildPhases = (
				5023E151711BCC2E727DE0B1 /* [CP] Check Pods Manifest.lock */,
				C0E9E45C1D0BB709006218BE /* Sources */,
				C0E9E45D1D0BB709006218BE /* Frameworks */,
				C0E9E45E1D0BB709006218BE /* Resources */,
				C0E9E4861D0BB75E006218BE /* Embed Frameworks */,
				2C5210976C21DCEBE25CA62B /* [CP] Embed Pods Frameworks */,
				FCE1FC56F4EEAD4F8A7D47E6 /* [CP] Copy Pods Resources */,
			);
			buildRules = (
			);
			dependencies = (
				C0E9E4801D0BB75E006218BE /* PBXTargetDependency */,
				C0900FCE1D0C9CDD003B1357 /* PBXTargetDependency */,
			);
			name = CardTrayDemo;
			productName = CardTrayDemo;
			productReference = C0E9E4601D0BB709006218BE /* CardTrayDemo.app */;
			productType = "com.apple.product-type.application";
		};
		C0E9E4791D0BB75E006218BE /* CardTray */ = {
			isa = PBXNativeTarget;
			buildConfigurationList = C0E9E4831D0BB75E006218BE /* Build configuration list for PBXNativeTarget "CardTray" */;
			buildPhases = (
				3A169C4CFB497F33558C356F /* [CP] Check Pods Manifest.lock */,
				C0E9E4751D0BB75E006218BE /* Sources */,
				C0E9E4761D0BB75E006218BE /* Frameworks */,
				C0E9E4771D0BB75E006218BE /* Headers */,
				C0E9E4781D0BB75E006218BE /* Resources */,
				2DF0613F5349802B8E5D0F92 /* [CP] Copy Pods Resources */,
			);
			buildRules = (
			);
			dependencies = (
			);
			name = CardTray;
			productName = CardTray;
			productReference = C0E9E47A1D0BB75E006218BE /* CardTray.framework */;
			productType = "com.apple.product-type.framework";
		};
/* End PBXNativeTarget section */

/* Begin PBXProject section */
		C0E9E4581D0BB709006218BE /* Project object */ = {
			isa = PBXProject;
			attributes = {
				LastSwiftUpdateCheck = 0730;
				LastUpgradeCheck = 0730;
				ORGANIZATIONNAME = "Basil Salad Software";
				TargetAttributes = {
					C065D0411D1181D900433963 = {
						CreatedOnToolsVersion = 7.3.1;
					};
					C0900FC71D0C9CDD003B1357 = {
						CreatedOnToolsVersion = 7.3.1;
					};
					C0E9E45F1D0BB709006218BE = {
						CreatedOnToolsVersion = 7.3.1;
					};
					C0E9E4791D0BB75E006218BE = {
						CreatedOnToolsVersion = 7.3.1;
					};
				};
			};
			buildConfigurationList = C0E9E45B1D0BB709006218BE /* Build configuration list for PBXProject "CardTrayDemo" */;
			compatibilityVersion = "Xcode 3.2";
			developmentRegion = English;
			hasScannedForEncodings = 0;
			knownRegions = (
				en,
				Base,
			);
			mainGroup = C0E9E4571D0BB709006218BE;
			productRefGroup = C0E9E4611D0BB709006218BE /* Products */;
			projectDirPath = "";
			projectRoot = "";
			targets = (
				C0E9E45F1D0BB709006218BE /* CardTrayDemo */,
				C0E9E4791D0BB75E006218BE /* CardTray */,
				C0900FC71D0C9CDD003B1357 /* CardIOWrapper */,
				C065D0411D1181D900433963 /* CardTrayTests */,
			);
		};
/* End PBXProject section */

/* Begin PBXResourcesBuildPhase section */
		C065D0401D1181D900433963 /* Resources */ = {
			isa = PBXResourcesBuildPhase;
			buildActionMask = 2147483647;
			files = (
			);
			runOnlyForDeploymentPostprocessing = 0;
		};
		C0900FC61D0C9CDD003B1357 /* Resources */ = {
			isa = PBXResourcesBuildPhase;
			buildActionMask = 2147483647;
			files = (
			);
			runOnlyForDeploymentPostprocessing = 0;
		};
		C0E9E45E1D0BB709006218BE /* Resources */ = {
			isa = PBXResourcesBuildPhase;
			buildActionMask = 2147483647;
			files = (
				C0E9E46E1D0BB70A006218BE /* LaunchScreen.storyboard in Resources */,
				C0E9E46B1D0BB70A006218BE /* Assets.xcassets in Resources */,
				C0473DA71D0C744200BB496F /* tessdata in Resources */,
			);
			runOnlyForDeploymentPostprocessing = 0;
		};
		C0E9E4781D0BB75E006218BE /* Resources */ = {
			isa = PBXResourcesBuildPhase;
			buildActionMask = 2147483647;
			files = (
				C0C987361D0BBC1F00C4DF72 /* CardManagement.storyboard in Resources */,
				40D008101D0FE32B003360CC /* CardTrayAssets.xcassets in Resources */,
				404056451D0FDEBA00C5F025 /* CardItemView.xib in Resources */,
			);
			runOnlyForDeploymentPostprocessing = 0;
		};
/* End PBXResourcesBuildPhase section */

/* Begin PBXShellScriptBuildPhase section */
		069C5A547C576A4179617A8D /* [CP] Copy Pods Resources */ = {
			isa = PBXShellScriptBuildPhase;
			buildActionMask = 2147483647;
			files = (
			);
			inputPaths = (
			);
			name = "[CP] Copy Pods Resources";
			outputPaths = (
			);
			runOnlyForDeploymentPostprocessing = 0;
			shellPath = /bin/sh;
			shellScript = "\"${SRCROOT}/Pods/Target Support Files/Pods-CardIOWrapper/Pods-CardIOWrapper-resources.sh\"\n";
			showEnvVarsInLog = 0;
		};
		2C5210976C21DCEBE25CA62B /* [CP] Embed Pods Frameworks */ = {
			isa = PBXShellScriptBuildPhase;
			buildActionMask = 2147483647;
			files = (
			);
			inputPaths = (
			);
			name = "[CP] Embed Pods Frameworks";
			outputPaths = (
			);
			runOnlyForDeploymentPostprocessing = 0;
			shellPath = /bin/sh;
			shellScript = "\"${SRCROOT}/Pods/Target Support Files/Pods-CardTrayDemo/Pods-CardTrayDemo-frameworks.sh\"\n";
			showEnvVarsInLog = 0;
		};
		2DF0613F5349802B8E5D0F92 /* [CP] Copy Pods Resources */ = {
			isa = PBXShellScriptBuildPhase;
			buildActionMask = 2147483647;
			files = (
			);
			inputPaths = (
			);
			name = "[CP] Copy Pods Resources";
			outputPaths = (
			);
			runOnlyForDeploymentPostprocessing = 0;
			shellPath = /bin/sh;
			shellScript = "\"${SRCROOT}/Pods/Target Support Files/Pods-CardTray/Pods-CardTray-resources.sh\"\n";
			showEnvVarsInLog = 0;
		};
		3A169C4CFB497F33558C356F /* [CP] Check Pods Manifest.lock */ = {
			isa = PBXShellScriptBuildPhase;
			buildActionMask = 2147483647;
			files = (
			);
			inputPaths = (
			);
			name = "[CP] Check Pods Manifest.lock";
			outputPaths = (
			);
			runOnlyForDeploymentPostprocessing = 0;
			shellPath = /bin/sh;
			shellScript = "diff \"${PODS_ROOT}/../Podfile.lock\" \"${PODS_ROOT}/Manifest.lock\" > /dev/null\nif [[ $? != 0 ]] ; then\n    cat << EOM\nerror: The sandbox is not in sync with the Podfile.lock. Run 'pod install' or update your CocoaPods installation.\nEOM\n    exit 1\nfi\n";
			showEnvVarsInLog = 0;
		};
		5023E151711BCC2E727DE0B1 /* [CP] Check Pods Manifest.lock */ = {
			isa = PBXShellScriptBuildPhase;
			buildActionMask = 2147483647;
			files = (
			);
			inputPaths = (
			);
			name = "[CP] Check Pods Manifest.lock";
			outputPaths = (
			);
			runOnlyForDeploymentPostprocessing = 0;
			shellPath = /bin/sh;
			shellScript = "diff \"${PODS_ROOT}/../Podfile.lock\" \"${PODS_ROOT}/Manifest.lock\" > /dev/null\nif [[ $? != 0 ]] ; then\n    cat << EOM\nerror: The sandbox is not in sync with the Podfile.lock. Run 'pod install' or update your CocoaPods installation.\nEOM\n    exit 1\nfi\n";
			showEnvVarsInLog = 0;
		};
		5EC778EEE6A7DDE64EDB600A /* [CP] Check Pods Manifest.lock */ = {
			isa = PBXShellScriptBuildPhase;
			buildActionMask = 2147483647;
			files = (
			);
			inputPaths = (
			);
			name = "[CP] Check Pods Manifest.lock";
			outputPaths = (
			);
			runOnlyForDeploymentPostprocessing = 0;
			shellPath = /bin/sh;
			shellScript = "diff \"${PODS_ROOT}/../Podfile.lock\" \"${PODS_ROOT}/Manifest.lock\" > /dev/null\nif [[ $? != 0 ]] ; then\n    cat << EOM\nerror: The sandbox is not in sync with the Podfile.lock. Run 'pod install' or update your CocoaPods installation.\nEOM\n    exit 1\nfi\n";
			showEnvVarsInLog = 0;
		};
		FCE1FC56F4EEAD4F8A7D47E6 /* [CP] Copy Pods Resources */ = {
			isa = PBXShellScriptBuildPhase;
			buildActionMask = 2147483647;
			files = (
			);
			inputPaths = (
			);
			name = "[CP] Copy Pods Resources";
			outputPaths = (
			);
			runOnlyForDeploymentPostprocessing = 0;
			shellPath = /bin/sh;
			shellScript = "\"${SRCROOT}/Pods/Target Support Files/Pods-CardTrayDemo/Pods-CardTrayDemo-resources.sh\"\n";
			showEnvVarsInLog = 0;
		};
/* End PBXShellScriptBuildPhase section */

/* Begin PBXSourcesBuildPhase section */
		C065D03E1D1181D900433963 /* Sources */ = {
			isa = PBXSourcesBuildPhase;
			buildActionMask = 2147483647;
			files = (
				C065D04E1D11824200433963 /* CardNumberValidationTests.swift in Sources */,
			);
			runOnlyForDeploymentPostprocessing = 0;
		};
		C0900FC31D0C9CDD003B1357 /* Sources */ = {
			isa = PBXSourcesBuildPhase;
			buildActionMask = 2147483647;
			files = (
			);
			runOnlyForDeploymentPostprocessing = 0;
		};
		C0E9E45C1D0BB709006218BE /* Sources */ = {
			isa = PBXSourcesBuildPhase;
			buildActionMask = 2147483647;
			files = (
				C0E9E4641D0BB709006218BE /* AppDelegate.swift in Sources */,
			);
			runOnlyForDeploymentPostprocessing = 0;
		};
		C0E9E4751D0BB75E006218BE /* Sources */ = {
			isa = PBXSourcesBuildPhase;
			buildActionMask = 2147483647;
			files = (
				C0442BCB1D127806002A6E58 /* CardExpirationPickerController.swift in Sources */,
				C0D06F3C1D153A9B00580B2A /* CardInfoViewController.swift in Sources */,
				C0D06F3A1D14081800580B2A /* CardListModel.swift in Sources */,
				C0D06F381D13861700580B2A /* CardDetailsViewController.swift in Sources */,
				C05827751D0C01920086BD35 /* CardListViewController.swift in Sources */,
				40DDDDBF1D0FCD51002A2A98 /* CardServicesViewController.swift in Sources */,
				C065D03D1D1163BD00433963 /* CardEntity.swift in Sources */,
				C05827711D0BF87E0086BD35 /* CardListView.swift in Sources */,
				C07592571D0BE33E00E44268 /* CardTrayFacade.swift in Sources */,
				C05827731D0BF8900086BD35 /* CardItemView.swift in Sources */,
				C0442BCF1D127AD1002A6E58 /* CardVerifyViewController.swift in Sources */,
				40DDDDBD1D0FC72E002A2A98 /* CardTransactionListViewController.swift in Sources */,
				C0473D9D1D0C5B7C00BB496F /* CardCaptureViewController.swift in Sources */,
			);
			runOnlyForDeploymentPostprocessing = 0;
		};
/* End PBXSourcesBuildPhase section */

/* Begin PBXTargetDependency section */
		C065D0491D1181D900433963 /* PBXTargetDependency */ = {
			isa = PBXTargetDependency;
			target = C0E9E4791D0BB75E006218BE /* CardTray */;
			targetProxy = C065D0481D1181D900433963 /* PBXContainerItemProxy */;
		};
		C0900FCE1D0C9CDD003B1357 /* PBXTargetDependency */ = {
			isa = PBXTargetDependency;
			target = C0900FC71D0C9CDD003B1357 /* CardIOWrapper */;
			targetProxy = C0900FCD1D0C9CDD003B1357 /* PBXContainerItemProxy */;
		};
		C0E9E4801D0BB75E006218BE /* PBXTargetDependency */ = {
			isa = PBXTargetDependency;
			target = C0E9E4791D0BB75E006218BE /* CardTray */;
			targetProxy = C0E9E47F1D0BB75E006218BE /* PBXContainerItemProxy */;
		};
/* End PBXTargetDependency section */

/* Begin PBXVariantGroup section */
		C0E9E46C1D0BB70A006218BE /* LaunchScreen.storyboard */ = {
			isa = PBXVariantGroup;
			children = (
				C0E9E46D1D0BB70A006218BE /* Base */,
			);
			name = LaunchScreen.storyboard;
			sourceTree = "<group>";
		};
/* End PBXVariantGroup section */

/* Begin XCBuildConfiguration section */
		C065D04B1D1181D900433963 /* Debug */ = {
			isa = XCBuildConfiguration;
			buildSettings = {
				INFOPLIST_FILE = CardTrayTests/Info.plist;
				LD_RUNPATH_SEARCH_PATHS = "$(inherited) @executable_path/Frameworks @loader_path/Frameworks";
				PRODUCT_BUNDLE_IDENTIFIER = com.basilsalad.CardTrayTests;
				PRODUCT_NAME = "$(TARGET_NAME)";
			};
			name = Debug;
		};
		C065D04C1D1181D900433963 /* Release */ = {
			isa = XCBuildConfiguration;
			buildSettings = {
				INFOPLIST_FILE = CardTrayTests/Info.plist;
				LD_RUNPATH_SEARCH_PATHS = "$(inherited) @executable_path/Frameworks @loader_path/Frameworks";
				PRODUCT_BUNDLE_IDENTIFIER = com.basilsalad.CardTrayTests;
				PRODUCT_NAME = "$(TARGET_NAME)";
			};
			name = Release;
		};
		C0900FD21D0C9CDD003B1357 /* Debug */ = {
			isa = XCBuildConfiguration;
			baseConfigurationReference = F51BF5DE8D6F401999CC0F67 /* Pods-CardIOWrapper.debug.xcconfig */;
			buildSettings = {
				CURRENT_PROJECT_VERSION = 2;
				DEFINES_MODULE = YES;
				DYLIB_COMPATIBILITY_VERSION = 1;
				DYLIB_CURRENT_VERSION = 2;
				DYLIB_INSTALL_NAME_BASE = "@rpath";
				INFOPLIST_FILE = CardIOWrapper/Info.plist;
				INSTALL_PATH = "$(LOCAL_LIBRARY_DIR)/Frameworks";
				LD_RUNPATH_SEARCH_PATHS = "$(inherited) @executable_path/Frameworks @loader_path/Frameworks";
				LIBRARY_SEARCH_PATHS = (
					"$(inherited)",
					"$(PROJECT_DIR)/Pods/CardIO/CardIO",
				);
				OTHER_LDFLAGS = "-ObjC";
				PRODUCT_BUNDLE_IDENTIFIER = com.basilsalad.CardIOWrapper;
				PRODUCT_NAME = "$(TARGET_NAME)";
				SKIP_INSTALL = YES;
				VERSIONING_SYSTEM = "apple-generic";
				VERSION_INFO_PREFIX = "";
			};
			name = Debug;
		};
		C0900FD31D0C9CDD003B1357 /* Release */ = {
			isa = XCBuildConfiguration;
			baseConfigurationReference = D302D0A6CCA35319349B27DB /* Pods-CardIOWrapper.release.xcconfig */;
			buildSettings = {
				CURRENT_PROJECT_VERSION = 2;
				DEFINES_MODULE = YES;
				DYLIB_COMPATIBILITY_VERSION = 1;
				DYLIB_CURRENT_VERSION = 2;
				DYLIB_INSTALL_NAME_BASE = "@rpath";
				INFOPLIST_FILE = CardIOWrapper/Info.plist;
				INSTALL_PATH = "$(LOCAL_LIBRARY_DIR)/Frameworks";
				LD_RUNPATH_SEARCH_PATHS = "$(inherited) @executable_path/Frameworks @loader_path/Frameworks";
				LIBRARY_SEARCH_PATHS = (
					"$(inherited)",
					"$(PROJECT_DIR)/Pods/CardIO/CardIO",
				);
				OTHER_LDFLAGS = "-ObjC";
				PRODUCT_BUNDLE_IDENTIFIER = com.basilsalad.CardIOWrapper;
				PRODUCT_NAME = "$(TARGET_NAME)";
				SKIP_INSTALL = YES;
				VERSIONING_SYSTEM = "apple-generic";
				VERSION_INFO_PREFIX = "";
			};
			name = Release;
		};
		C0E9E4701D0BB70A006218BE /* Debug */ = {
			isa = XCBuildConfiguration;
			buildSettings = {
				ALWAYS_SEARCH_USER_PATHS = NO;
				CLANG_ALLOW_NON_MODULAR_INCLUDES_IN_FRAMEWORK_MODULES = YES;
				CLANG_ANALYZER_NONNULL = YES;
				CLANG_CXX_LANGUAGE_STANDARD = "gnu++0x";
				CLANG_CXX_LIBRARY = "libc++";
				CLANG_ENABLE_MODULES = YES;
				CLANG_ENABLE_OBJC_ARC = YES;
				CLANG_WARN_BOOL_CONVERSION = YES;
				CLANG_WARN_CONSTANT_CONVERSION = YES;
				CLANG_WARN_DIRECT_OBJC_ISA_USAGE = YES_ERROR;
				CLANG_WARN_EMPTY_BODY = YES;
				CLANG_WARN_ENUM_CONVERSION = YES;
				CLANG_WARN_INT_CONVERSION = YES;
				CLANG_WARN_OBJC_ROOT_CLASS = YES_ERROR;
				CLANG_WARN_UNREACHABLE_CODE = YES;
				CLANG_WARN__DUPLICATE_METHOD_MATCH = YES;
				"CODE_SIGN_IDENTITY[sdk=iphoneos*]" = "iPhone Developer";
				COPY_PHASE_STRIP = NO;
				DEBUG_INFORMATION_FORMAT = dwarf;
				ENABLE_BITCODE = NO;
				ENABLE_STRICT_OBJC_MSGSEND = YES;
				ENABLE_TESTABILITY = YES;
				GCC_C_LANGUAGE_STANDARD = gnu99;
				GCC_DYNAMIC_NO_PIC = NO;
				GCC_NO_COMMON_BLOCKS = YES;
				GCC_OPTIMIZATION_LEVEL = 0;
				GCC_PREPROCESSOR_DEFINITIONS = (
					"DEBUG=1",
					"$(inherited)",
				);
				GCC_WARN_64_TO_32_BIT_CONVERSION = YES;
				GCC_WARN_ABOUT_RETURN_TYPE = YES_ERROR;
				GCC_WARN_UNDECLARED_SELECTOR = YES;
				GCC_WARN_UNINITIALIZED_AUTOS = YES_AGGRESSIVE;
				GCC_WARN_UNUSED_FUNCTION = YES;
				GCC_WARN_UNUSED_VARIABLE = YES;
				IPHONEOS_DEPLOYMENT_TARGET = 9.3;
				MTL_ENABLE_DEBUG_INFO = YES;
				ONLY_ACTIVE_ARCH = YES;
				SDKROOT = iphoneos;
				SWIFT_OPTIMIZATION_LEVEL = "-Onone";
				TARGETED_DEVICE_FAMILY = "1,2";
				VERSIONING_SYSTEM = "apple-generic";
			};
			name = Debug;
		};
		C0E9E4711D0BB70A006218BE /* Release */ = {
			isa = XCBuildConfiguration;
			buildSettings = {
				ALWAYS_SEARCH_USER_PATHS = NO;
				CLANG_ALLOW_NON_MODULAR_INCLUDES_IN_FRAMEWORK_MODULES = YES;
				CLANG_ANALYZER_NONNULL = YES;
				CLANG_CXX_LANGUAGE_STANDARD = "gnu++0x";
				CLANG_CXX_LIBRARY = "libc++";
				CLANG_ENABLE_MODULES = YES;
				CLANG_ENABLE_OBJC_ARC = YES;
				CLANG_WARN_BOOL_CONVERSION = YES;
				CLANG_WARN_CONSTANT_CONVERSION = YES;
				CLANG_WARN_DIRECT_OBJC_ISA_USAGE = YES_ERROR;
				CLANG_WARN_EMPTY_BODY = YES;
				CLANG_WARN_ENUM_CONVERSION = YES;
				CLANG_WARN_INT_CONVERSION = YES;
				CLANG_WARN_OBJC_ROOT_CLASS = YES_ERROR;
				CLANG_WARN_UNREACHABLE_CODE = YES;
				CLANG_WARN__DUPLICATE_METHOD_MATCH = YES;
				"CODE_SIGN_IDENTITY[sdk=iphoneos*]" = "iPhone Developer";
				COPY_PHASE_STRIP = NO;
				DEBUG_INFORMATION_FORMAT = "dwarf-with-dsym";
				ENABLE_BITCODE = NO;
				ENABLE_NS_ASSERTIONS = NO;
				ENABLE_STRICT_OBJC_MSGSEND = YES;
				GCC_C_LANGUAGE_STANDARD = gnu99;
				GCC_NO_COMMON_BLOCKS = YES;
				GCC_WARN_64_TO_32_BIT_CONVERSION = YES;
				GCC_WARN_ABOUT_RETURN_TYPE = YES_ERROR;
				GCC_WARN_UNDECLARED_SELECTOR = YES;
				GCC_WARN_UNINITIALIZED_AUTOS = YES_AGGRESSIVE;
				GCC_WARN_UNUSED_FUNCTION = YES;
				GCC_WARN_UNUSED_VARIABLE = YES;
				IPHONEOS_DEPLOYMENT_TARGET = 9.3;
				MTL_ENABLE_DEBUG_INFO = NO;
				SDKROOT = iphoneos;
				TARGETED_DEVICE_FAMILY = "1,2";
				VALIDATE_PRODUCT = YES;
				VERSIONING_SYSTEM = "apple-generic";
			};
			name = Release;
		};
		C0E9E4731D0BB70A006218BE /* Debug */ = {
			isa = XCBuildConfiguration;
			baseConfigurationReference = 4D82D1016EC0DEAB08B89FFA /* Pods-CardTrayDemo.debug.xcconfig */;
			buildSettings = {
				ASSETCATALOG_COMPILER_APPICON_NAME = AppIcon;
				EMBEDDED_CONTENT_CONTAINS_SWIFT = YES;
				INFOPLIST_FILE = CardTrayDemo/Info.plist;
				LD_RUNPATH_SEARCH_PATHS = "$(inherited) @executable_path/Frameworks";
				PRODUCT_BUNDLE_IDENTIFIER = com.basilsalad.CardTrayApp;
				PRODUCT_NAME = "$(TARGET_NAME)";
			};
			name = Debug;
		};
		C0E9E4741D0BB70A006218BE /* Release */ = {
			isa = XCBuildConfiguration;
			baseConfigurationReference = D6B8B334B6A5DD14B8562570 /* Pods-CardTrayDemo.release.xcconfig */;
			buildSettings = {
				ASSETCATALOG_COMPILER_APPICON_NAME = AppIcon;
				EMBEDDED_CONTENT_CONTAINS_SWIFT = YES;
				INFOPLIST_FILE = CardTrayDemo/Info.plist;
				LD_RUNPATH_SEARCH_PATHS = "$(inherited) @executable_path/Frameworks";
				PRODUCT_BUNDLE_IDENTIFIER = com.basilsalad.CardTrayApp;
				PRODUCT_NAME = "$(TARGET_NAME)";
			};
			name = Release;
		};
		C0E9E4841D0BB75E006218BE /* Debug */ = {
			isa = XCBuildConfiguration;
			baseConfigurationReference = 5276DFFBD95A0C05466BAD67 /* Pods-CardTray.debug.xcconfig */;
			buildSettings = {
				CLANG_ENABLE_MODULES = YES;
				CURRENT_PROJECT_VERSION = 2;
				DEFINES_MODULE = YES;
				DYLIB_COMPATIBILITY_VERSION = 1;
				DYLIB_CURRENT_VERSION = 2;
				DYLIB_INSTALL_NAME_BASE = "@rpath";
				INFOPLIST_FILE = CardTray/Info.plist;
				INSTALL_PATH = "$(LOCAL_LIBRARY_DIR)/Frameworks";
				LD_RUNPATH_SEARCH_PATHS = "$(inherited) @executable_path/Frameworks @loader_path/Frameworks";
				PRODUCT_BUNDLE_IDENTIFIER = com.basilsalad.CardTray;
				PRODUCT_NAME = "$(TARGET_NAME)";
				SKIP_INSTALL = YES;
				SWIFT_OPTIMIZATION_LEVEL = "-Onone";
				VERSIONING_SYSTEM = "apple-generic";
				VERSION_INFO_PREFIX = "";
			};
			name = Debug;
		};
		C0E9E4851D0BB75E006218BE /* Release */ = {
			isa = XCBuildConfiguration;
			baseConfigurationReference = 106E929F57DDA60B4EAC3C22 /* Pods-CardTray.release.xcconfig */;
			buildSettings = {
				CLANG_ENABLE_MODULES = YES;
				CURRENT_PROJECT_VERSION = 2;
				DEFINES_MODULE = YES;
				DYLIB_COMPATIBILITY_VERSION = 1;
				DYLIB_CURRENT_VERSION = 2;
				DYLIB_INSTALL_NAME_BASE = "@rpath";
				INFOPLIST_FILE = CardTray/Info.plist;
				INSTALL_PATH = "$(LOCAL_LIBRARY_DIR)/Frameworks";
				LD_RUNPATH_SEARCH_PATHS = "$(inherited) @executable_path/Frameworks @loader_path/Frameworks";
				PRODUCT_BUNDLE_IDENTIFIER = com.basilsalad.CardTray;
				PRODUCT_NAME = "$(TARGET_NAME)";
				SKIP_INSTALL = YES;
				VERSIONING_SYSTEM = "apple-generic";
				VERSION_INFO_PREFIX = "";
			};
			name = Release;
		};
/* End XCBuildConfiguration section */

/* Begin XCConfigurationList section */
		C065D04A1D1181D900433963 /* Build configuration list for PBXNativeTarget "CardTrayTests" */ = {
			isa = XCConfigurationList;
			buildConfigurations = (
				C065D04B1D1181D900433963 /* Debug */,
				C065D04C1D1181D900433963 /* Release */,
			);
			defaultConfigurationIsVisible = 0;
			defaultConfigurationName = Release;
		};
		C0900FD11D0C9CDD003B1357 /* Build configuration list for PBXNativeTarget "CardIOWrapper" */ = {
			isa = XCConfigurationList;
			buildConfigurations = (
				C0900FD21D0C9CDD003B1357 /* Debug */,
				C0900FD31D0C9CDD003B1357 /* Release */,
			);
			defaultConfigurationIsVisible = 0;
			defaultConfigurationName = Release;
		};
		C0E9E45B1D0BB709006218BE /* Build configuration list for PBXProject "CardTrayDemo" */ = {
			isa = XCConfigurationList;
			buildConfigurations = (
				C0E9E4701D0BB70A006218BE /* Debug */,
				C0E9E4711D0BB70A006218BE /* Release */,
			);
			defaultConfigurationIsVisible = 0;
			defaultConfigurationName = Release;
		};
		C0E9E4721D0BB70A006218BE /* Build configuration list for PBXNativeTarget "CardTrayDemo" */ = {
			isa = XCConfigurationList;
			buildConfigurations = (
				C0E9E4731D0BB70A006218BE /* Debug */,
				C0E9E4741D0BB70A006218BE /* Release */,
			);
			defaultConfigurationIsVisible = 0;
			defaultConfigurationName = Release;
		};
		C0E9E4831D0BB75E006218BE /* Build configuration list for PBXNativeTarget "CardTray" */ = {
			isa = XCConfigurationList;
			buildConfigurations = (
				C0E9E4841D0BB75E006218BE /* Debug */,
				C0E9E4851D0BB75E006218BE /* Release */,
			);
			defaultConfigurationIsVisible = 0;
			defaultConfigurationName = Release;
		};
/* End XCConfigurationList section */
	};
	rootObject = C0E9E4581D0BB709006218BE /* Project object */;
}
